{
  "name": "portifolio",
  "version": "1.0.0",
  "lockfileVersion": 2,
  "dependencies": {
    "gh-pages": {
      "version": "6.2.0",
      "resolved": "https://registry.npmjs.org/gh-pages/-/gh-pages-6.2.0.tgz",
      "integrity": "sha512-3sB1MhJZp0nqA9yHnOxuBcGgX1ZP5YJd9G/0rK7r2OgkRkTjYX8j2LWCQ6oUJ3gNQj3yR8X0GkVn3N1w6NtYw==",
      "dev": true,
      "requires": {
        "argparse": "^2.0.1",
        "debug": "^4.1.1",
        "glob": "^7.1.4",
        "minimatch": "^5.0.1",
        "tmp": "^0.2.1"
      }
    },
    "react": {
      "version": "18.2.0",
      "resolved": "https://registry.npmjs.org/react/-/react-18.2.0.tgz",
      "integrity": "sha512-6LlL0XbS0rLc+P6XH8nW9Bf3qfRmG2KkG7mL2Xf5XmZuE7wWZoZmJYzWf0m0HwzV3QHqjy0ZG0r7hjyv9v7jHc3HdA==",
      "dev": true,
      "requires": {
        "loose-envify": "^1.4.0",
        "object-assign": "^4.1.1" 
      }
    },
    "react-dom": {
      "version": "18.2.0",
      "resolved": "https://registry.npmjs.org/react-dom/-/react-dom-18.2.0.tgz",
      "integrity": "sha512-6LlL0XbS0rLc+P6XH8nW9Bf3qfRmG2KkG7mL2Xf5XmZuE7wWZoZmJYzWf0m0HwzV3QHqjy0ZG0r7hjyv9v7jHc3HdA==",
      "dev": true,
      "requires": {
        "loose-envify": "^1.4.0",
        "object-assign": "^4.1.1",
        "scheduler": "^0.23.0"
      }
    },
    "react-scripts": {
      "version": "5.0.0",
      "resolved": "https://registry.npmjs.org/react-scripts/-/react-scripts-5.0.0.tgz",
      "integrity": "sha512-6LlL0XbS0rLc+P6XH8nW9Bf3qfRmG2KkG7mL2Xf5XmZuE7wWZoZmJYzWf0m0HwzV3QHqjy0ZG0r7hjyv9v7jHc3HdA==",
      "dev": true,
      "requires": {
        "autoprefixer": "^10.4.4",
        "cross-env": "^7.0.3",
        "css-loader": "^6.7.1",
        "html-webpack-plugin": "^5.5.0",
        "mini-css-extract-plugin": "^2.6.1",
        "postcss-loader": "^7.0.2",
        "react": "^18.2.0",
        "react-dom": "^18.2.0",
        "react-refresh": "^0.10.0",
        "style-loader": "^3.3.1",
        "webpack": "^5.74.0",
        "webpack-cli": "^4.10.0",
        "webpack-dev-server": "^4.9.3"  
      }
    }
  }
}